
Microsoft Visual Studio Solution File, Format Version 12.00
# Visual Studio Version 17
VisualStudioVersion = 17.13.35931.197 d17.13
MinimumVisualStudioVersion = 10.0.40219.1
Project("{FAE04EC0-301F-11D3-BF4B-00C04F79EFBC}") = "Real Estate tool", "Real Estate tool\Real Estate tool.csproj", "{1544CCB0-5678-4FE4-BF58-0C3BD24C69DF}"
EndProject
Global
	GlobalSection(SolutionConfigurationPlatforms) = preSolution
		Debug|Any CPU = Debug|Any CPU
		Release|Any CPU = Release|Any CPU
	EndGlobalSection
	GlobalSection(ProjectConfigurationPlatforms) = postSolution
		{1544CCB0-5678-4FE4-BF58-0C3BD24C69DF}.Debug|Any CPU.ActiveCfg = Debug|Any CPU
		{1544CCB0-5678-4FE4-BF58-0C3BD24C69DF}.Debug|Any CPU.Build.0 = Debug|Any CPU
		{1544CCB0-5678-4FE4-BF58-0C3BD24C69DF}.Release|Any CPU.ActiveCfg = Release|Any CPU
		{1544CCB0-5678-4FE4-BF58-0C3BD24C69DF}.Release|Any CPU.Build.0 = Release|Any CPU
	EndGlobalSection
	GlobalSection(SolutionProperties) = preSolution
		HideSolutionNode = FALSE
	EndGlobalSection
	GlobalSection(ExtensibilityGlobals) = postSolution
		SolutionGuid = {53B54FBB-C4C3-48B1-A3CD-1A1332EBDA3A}
	EndGlobalSection
EndGlobal
